{
  "name": "eleventy-plugin-emojify",
  "version": "1.0.0",
  "lockfileVersion": 1,
  "requires": true,
  "dependencies": {
    "emojibase-data": {
      "version": "15.3.0",
      "resolved": "https://registry.npmjs.org/emojibase-data/-/emojibase-data-15.3.0.tgz",
      "integrity": "sha512-cYsGq57W8wOd1CqQCjmtP1DpmlTVvJY+Um5UobWUQuTnqb8cO2cuqrxJxSIqxLcYZ3rtialT5kivoWigszdslg=="
    }
  }
}
